// !$*UTF8*$!
{
	archiveVersion = 1;
	classes = {
	};
	objectVersion = 55;
	objects = {

/* Begin PBXBuildFile section */
		9807B7722888E74F0076A8A9 /* TrendTableViewController.swift in Sources */ = {isa = PBXBuildFile; fileRef = 9807B7712888E74F0076A8A9 /* TrendTableViewController.swift */; };
		9885A2AC2884DDEA009B5CCF /* AppDelegate.swift in Sources */ = {isa = PBXBuildFile; fileRef = 9885A2AB2884DDEA009B5CCF /* AppDelegate.swift */; };
		9885A2AE2884DDEA009B5CCF /* SceneDelegate.swift in Sources */ = {isa = PBXBuildFile; fileRef = 9885A2AD2884DDEA009B5CCF /* SceneDelegate.swift */; };
		9885A2B02884DDEA009B5CCF /* ViewController.swift in Sources */ = {isa = PBXBuildFile; fileRef = 9885A2AF2884DDEA009B5CCF /* ViewController.swift */; };
		9885A2B32884DDEA009B5CCF /* Main.storyboard in Resources */ = {isa = PBXBuildFile; fileRef = 9885A2B12884DDEA009B5CCF /* Main.storyboard */; };
		9885A2B52884DDEC009B5CCF /* Assets.xcassets in Resources */ = {isa = PBXBuildFile; fileRef = 9885A2B42884DDEC009B5CCF /* Assets.xcassets */; };
		9885A2B82884DDEC009B5CCF /* LaunchScreen.storyboard in Resources */ = {isa = PBXBuildFile; fileRef = 9885A2B62884DDEC009B5CCF /* LaunchScreen.storyboard */; };
		9885A2C02884F113009B5CCF /* Home.storyboard in Resources */ = {isa = PBXBuildFile; fileRef = 9885A2BF2884F113009B5CCF /* Home.storyboard */; };
		9885A2C22884FE41009B5CCF /* SettingTableViewController.swift in Sources */ = {isa = PBXBuildFile; fileRef = 9885A2C12884FE41009B5CCF /* SettingTableViewController.swift */; };
		98888D0F2885846F00DA44C3 /* Setting.storyboard in Resources */ = {isa = PBXBuildFile; fileRef = 98888D0E2885846F00DA44C3 /* Setting.storyboard */; };
		98888D1328858E7800DA44C3 /* SettingViewController.swift in Sources */ = {isa = PBXBuildFile; fileRef = 98888D1228858E7800DA44C3 /* SettingViewController.swift */; };
		98913B522886D04400038365 /* TrenViewController.swift in Sources */ = {isa = PBXBuildFile; fileRef = 98913B512886D04400038365 /* TrenViewController.swift */; };
		98913B542886D0A300038365 /* Trend.storyboard in Resources */ = {isa = PBXBuildFile; fileRef = 98913B532886D0A300038365 /* Trend.storyboard */; };
		98913B562886F7F000038365 /* Shopping.storyboard in Resources */ = {isa = PBXBuildFile; fileRef = 98913B552886F7F000038365 /* Shopping.storyboard */; };
		98913B582886F87A00038365 /* ShoppingTableViewController.swift in Sources */ = {isa = PBXBuildFile; fileRef = 98913B572886F87A00038365 /* ShoppingTableViewController.swift */; };
		98913B5A288702E400038365 /* ShoppingTableViewCell.swift in Sources */ = {isa = PBXBuildFile; fileRef = 98913B59288702E400038365 /* ShoppingTableViewCell.swift */; };
		98913B5E28879AAA00038365 /* RecommendCollectionViewController.swift in Sources */ = {isa = PBXBuildFile; fileRef = 98913B5D28879AAA00038365 /* RecommendCollectionViewController.swift */; };
		98913B6028879DFE00038365 /* RecommendCollectionViewCell.swift in Sources */ = {isa = PBXBuildFile; fileRef = 98913B5F28879DFE00038365 /* RecommendCollectionViewCell.swift */; };
		98913B632887AEBD00038365 /* Kingfisher in Frameworks */ = {isa = PBXBuildFile; productRef = 98913B622887AEBD00038365 /* Kingfisher */; };
		98913B662887AEFB00038365 /* Toast in Frameworks */ = {isa = PBXBuildFile; productRef = 98913B652887AEFB00038365 /* Toast */; };
		98B2DEDE288640130093F3C1 /* Search.storyboard in Resources */ = {isa = PBXBuildFile; fileRef = 98B2DEDD288640130093F3C1 /* Search.storyboard */; };
		98B2DEE2288640770093F3C1 /* Intro.storyboard in Resources */ = {isa = PBXBuildFile; fileRef = 98B2DEE1288640770093F3C1 /* Intro.storyboard */; };
		98B2DEE62886442E0093F3C1 /* SearchViewController.swift in Sources */ = {isa = PBXBuildFile; fileRef = 98B2DEE52886442E0093F3C1 /* SearchViewController.swift */; };
		98B2DEE82886452C0093F3C1 /* UIViewController+Extension.swift in Sources */ = {isa = PBXBuildFile; fileRef = 98B2DEE72886452C0093F3C1 /* UIViewController+Extension.swift */; };
		98B2DEEA2886478C0093F3C1 /* UITextField+Extension.swift in Sources */ = {isa = PBXBuildFile; fileRef = 98B2DEE92886478C0093F3C1 /* UITextField+Extension.swift */; };
		98B2DEEC28864BA70093F3C1 /* BucketListTableViewController.swift in Sources */ = {isa = PBXBuildFile; fileRef = 98B2DEEB28864BA70093F3C1 /* BucketListTableViewController.swift */; };
		98B2DEEE28864D960093F3C1 /* BucketListTableViewCell.swift in Sources */ = {isa = PBXBuildFile; fileRef = 98B2DEED28864D960093F3C1 /* BucketListTableViewCell.swift */; };
		98D7399F28880F02006E59E0 /* SecondShoppingTableViewController.swift in Sources */ = {isa = PBXBuildFile; fileRef = 98D7399E28880F02006E59E0 /* SecondShoppingTableViewController.swift */; };
		98D739A128881304006E59E0 /* SecondShoppingTableViewCell.swift in Sources */ = {isa = PBXBuildFile; fileRef = 98D739A028881304006E59E0 /* SecondShoppingTableViewCell.swift */; };
		98D739A328882C92006E59E0 /* MovieTableViewCell.swift in Sources */ = {isa = PBXBuildFile; fileRef = 98D739A228882C92006E59E0 /* MovieTableViewCell.swift */; };
		98D739A528882D6E006E59E0 /* MovieTableViewController.swift in Sources */ = {isa = PBXBuildFile; fileRef = 98D739A428882D6E006E59E0 /* MovieTableViewController.swift */; };
		98D739A7288841E1006E59E0 /* Movie.swift in Sources */ = {isa = PBXBuildFile; fileRef = 98D739A6288841E1006E59E0 /* Movie.swift */; };
		98F9273F2889926F009B5A69 /* BookStore.storyboard in Resources */ = {isa = PBXBuildFile; fileRef = 98F9273E2889926F009B5A69 /* BookStore.storyboard */; };
		98F92741288992B5009B5A69 /* BookStoreCollectionViewController.swift in Sources */ = {isa = PBXBuildFile; fileRef = 98F92740288992B5009B5A69 /* BookStoreCollectionViewController.swift */; };
		98F9274428899456009B5A69 /* BookStoreCollectionViewCell.swift in Sources */ = {isa = PBXBuildFile; fileRef = 98F9274328899456009B5A69 /* BookStoreCollectionViewCell.swift */; };
		98F927462889A3F9009B5A69 /* BookInformationViewController.swift in Sources */ = {isa = PBXBuildFile; fileRef = 98F927452889A3F9009B5A69 /* BookInformationViewController.swift */; };
		98F927482889ABD8009B5A69 /* BookDetailInformationViewController.swift in Sources */ = {isa = PBXBuildFile; fileRef = 98F927472889ABD8009B5A69 /* BookDetailInformationViewController.swift */; };
		98F9274A2889AF1F009B5A69 /* WebBookInfoLinkViewController.swift in Sources */ = {isa = PBXBuildFile; fileRef = 98F927492889AF1F009B5A69 /* WebBookInfoLinkViewController.swift */; };
/* End PBXBuildFile section */

/* Begin PBXFileReference section */
		9807B7712888E74F0076A8A9 /* TrendTableViewController.swift */ = {isa = PBXFileReference; lastKnownFileType = sourcecode.swift; path = TrendTableViewController.swift; sourceTree = "<group>"; };
		9885A2A82884DDEA009B5CCF /* TrendMedia.app */ = {isa = PBXFileReference; explicitFileType = wrapper.application; includeInIndex = 0; path = TrendMedia.app; sourceTree = BUILT_PRODUCTS_DIR; };
		9885A2AB2884DDEA009B5CCF /* AppDelegate.swift */ = {isa = PBXFileReference; lastKnownFileType = sourcecode.swift; path = AppDelegate.swift; sourceTree = "<group>"; };
		9885A2AD2884DDEA009B5CCF /* SceneDelegate.swift */ = {isa = PBXFileReference; lastKnownFileType = sourcecode.swift; path = SceneDelegate.swift; sourceTree = "<group>"; };
		9885A2AF2884DDEA009B5CCF /* ViewController.swift */ = {isa = PBXFileReference; lastKnownFileType = sourcecode.swift; path = ViewController.swift; sourceTree = "<group>"; };
		9885A2B22884DDEA009B5CCF /* Base */ = {isa = PBXFileReference; lastKnownFileType = file.storyboard; name = Base; path = Base.lproj/Main.storyboard; sourceTree = "<group>"; };
		9885A2B42884DDEC009B5CCF /* Assets.xcassets */ = {isa = PBXFileReference; lastKnownFileType = folder.assetcatalog; path = Assets.xcassets; sourceTree = "<group>"; };
		9885A2B72884DDEC009B5CCF /* Base */ = {isa = PBXFileReference; lastKnownFileType = file.storyboard; name = Base; path = Base.lproj/LaunchScreen.storyboard; sourceTree = "<group>"; };
		9885A2B92884DDEC009B5CCF /* Info.plist */ = {isa = PBXFileReference; lastKnownFileType = text.plist.xml; path = Info.plist; sourceTree = "<group>"; };
		9885A2BF2884F113009B5CCF /* Home.storyboard */ = {isa = PBXFileReference; lastKnownFileType = file.storyboard; path = Home.storyboard; sourceTree = "<group>"; };
		9885A2C12884FE41009B5CCF /* SettingTableViewController.swift */ = {isa = PBXFileReference; lastKnownFileType = sourcecode.swift; path = SettingTableViewController.swift; sourceTree = "<group>"; };
		98888D0E2885846F00DA44C3 /* Setting.storyboard */ = {isa = PBXFileReference; lastKnownFileType = file.storyboard; path = Setting.storyboard; sourceTree = "<group>"; };
		98888D1228858E7800DA44C3 /* SettingViewController.swift */ = {isa = PBXFileReference; lastKnownFileType = sourcecode.swift; path = SettingViewController.swift; sourceTree = "<group>"; };
		98913B512886D04400038365 /* TrenViewController.swift */ = {isa = PBXFileReference; lastKnownFileType = sourcecode.swift; path = TrenViewController.swift; sourceTree = "<group>"; };
		98913B532886D0A300038365 /* Trend.storyboard */ = {isa = PBXFileReference; lastKnownFileType = file.storyboard; path = Trend.storyboard; sourceTree = "<group>"; };
		98913B552886F7F000038365 /* Shopping.storyboard */ = {isa = PBXFileReference; lastKnownFileType = file.storyboard; path = Shopping.storyboard; sourceTree = "<group>"; };
		98913B572886F87A00038365 /* ShoppingTableViewController.swift */ = {isa = PBXFileReference; lastKnownFileType = sourcecode.swift; path = ShoppingTableViewController.swift; sourceTree = "<group>"; };
		98913B59288702E400038365 /* ShoppingTableViewCell.swift */ = {isa = PBXFileReference; lastKnownFileType = sourcecode.swift; path = ShoppingTableViewCell.swift; sourceTree = "<group>"; };
		98913B5D28879AAA00038365 /* RecommendCollectionViewController.swift */ = {isa = PBXFileReference; lastKnownFileType = sourcecode.swift; path = RecommendCollectionViewController.swift; sourceTree = "<group>"; };
		98913B5F28879DFE00038365 /* RecommendCollectionViewCell.swift */ = {isa = PBXFileReference; lastKnownFileType = sourcecode.swift; path = RecommendCollectionViewCell.swift; sourceTree = "<group>"; };
		98B2DEDD288640130093F3C1 /* Search.storyboard */ = {isa = PBXFileReference; lastKnownFileType = file.storyboard; path = Search.storyboard; sourceTree = "<group>"; };
		98B2DEE1288640770093F3C1 /* Intro.storyboard */ = {isa = PBXFileReference; lastKnownFileType = file.storyboard; path = Intro.storyboard; sourceTree = "<group>"; };
		98B2DEE52886442E0093F3C1 /* SearchViewController.swift */ = {isa = PBXFileReference; lastKnownFileType = sourcecode.swift; path = SearchViewController.swift; sourceTree = "<group>"; };
		98B2DEE72886452C0093F3C1 /* UIViewController+Extension.swift */ = {isa = PBXFileReference; lastKnownFileType = sourcecode.swift; path = "UIViewController+Extension.swift"; sourceTree = "<group>"; };
		98B2DEE92886478C0093F3C1 /* UITextField+Extension.swift */ = {isa = PBXFileReference; lastKnownFileType = sourcecode.swift; path = "UITextField+Extension.swift"; sourceTree = "<group>"; };
		98B2DEEB28864BA70093F3C1 /* BucketListTableViewController.swift */ = {isa = PBXFileReference; lastKnownFileType = sourcecode.swift; path = BucketListTableViewController.swift; sourceTree = "<group>"; };
		98B2DEED28864D960093F3C1 /* BucketListTableViewCell.swift */ = {isa = PBXFileReference; lastKnownFileType = sourcecode.swift; path = BucketListTableViewCell.swift; sourceTree = "<group>"; };
		98D7399E28880F02006E59E0 /* SecondShoppingTableViewController.swift */ = {isa = PBXFileReference; lastKnownFileType = sourcecode.swift; path = SecondShoppingTableViewController.swift; sourceTree = "<group>"; };
		98D739A028881304006E59E0 /* SecondShoppingTableViewCell.swift */ = {isa = PBXFileReference; lastKnownFileType = sourcecode.swift; path = SecondShoppingTableViewCell.swift; sourceTree = "<group>"; };
		98D739A228882C92006E59E0 /* MovieTableViewCell.swift */ = {isa = PBXFileReference; lastKnownFileType = sourcecode.swift; path = MovieTableViewCell.swift; sourceTree = "<group>"; };
		98D739A428882D6E006E59E0 /* MovieTableViewController.swift */ = {isa = PBXFileReference; lastKnownFileType = sourcecode.swift; path = MovieTableViewController.swift; sourceTree = "<group>"; };
		98D739A6288841E1006E59E0 /* Movie.swift */ = {isa = PBXFileReference; lastKnownFileType = sourcecode.swift; path = Movie.swift; sourceTree = "<group>"; };
		98F9273E2889926F009B5A69 /* BookStore.storyboard */ = {isa = PBXFileReference; lastKnownFileType = file.storyboard; path = BookStore.storyboard; sourceTree = "<group>"; };
		98F92740288992B5009B5A69 /* BookStoreCollectionViewController.swift */ = {isa = PBXFileReference; lastKnownFileType = sourcecode.swift; path = BookStoreCollectionViewController.swift; sourceTree = "<group>"; };
		98F9274328899456009B5A69 /* BookStoreCollectionViewCell.swift */ = {isa = PBXFileReference; lastKnownFileType = sourcecode.swift; path = BookStoreCollectionViewCell.swift; sourceTree = "<group>"; };
		98F927452889A3F9009B5A69 /* BookInformationViewController.swift */ = {isa = PBXFileReference; lastKnownFileType = sourcecode.swift; path = BookInformationViewController.swift; sourceTree = "<group>"; };
		98F927472889ABD8009B5A69 /* BookDetailInformationViewController.swift */ = {isa = PBXFileReference; lastKnownFileType = sourcecode.swift; path = BookDetailInformationViewController.swift; sourceTree = "<group>"; };
		98F927492889AF1F009B5A69 /* WebBookInfoLinkViewController.swift */ = {isa = PBXFileReference; lastKnownFileType = sourcecode.swift; path = WebBookInfoLinkViewController.swift; sourceTree = "<group>"; };
/* End PBXFileReference section */

/* Begin PBXFrameworksBuildPhase section */
		9885A2A52884DDEA009B5CCF /* Frameworks */ = {
			isa = PBXFrameworksBuildPhase;
			buildActionMask = 2147483647;
			files = (
				98913B662887AEFB00038365 /* Toast in Frameworks */,
				98913B632887AEBD00038365 /* Kingfisher in Frameworks */,
			);
			runOnlyForDeploymentPostprocessing = 0;
		};
/* End PBXFrameworksBuildPhase section */

/* Begin PBXGroup section */
		9885A29F2884DDEA009B5CCF = {
			isa = PBXGroup;
			children = (
				98F92742288992C4009B5A69 /* BookStore */,
				9885A2AA2884DDEA009B5CCF /* TrendMedia */,
				9885A2A92884DDEA009B5CCF /* Products */,
			);
			sourceTree = "<group>";
		};
		9885A2A92884DDEA009B5CCF /* Products */ = {
			isa = PBXGroup;
			children = (
				9885A2A82884DDEA009B5CCF /* TrendMedia.app */,
			);
			name = Products;
			sourceTree = "<group>";
		};
		9885A2AA2884DDEA009B5CCF /* TrendMedia */ = {
			isa = PBXGroup;
			children = (
				98F9273D28897CF4009B5A69 /* Search */,
				98F9273C28893A4A009B5A69 /* Trend */,
				98888D0E2885846F00DA44C3 /* Setting.storyboard */,
				9885A2B12884DDEA009B5CCF /* Main.storyboard */,
				9885A2BF2884F113009B5CCF /* Home.storyboard */,
				98B2DEE1288640770093F3C1 /* Intro.storyboard */,
				98913B552886F7F000038365 /* Shopping.storyboard */,
				98D739A028881304006E59E0 /* SecondShoppingTableViewCell.swift */,
				98D7399E28880F02006E59E0 /* SecondShoppingTableViewController.swift */,
				98913B59288702E400038365 /* ShoppingTableViewCell.swift */,
				98913B572886F87A00038365 /* ShoppingTableViewController.swift */,
				9885A2AB2884DDEA009B5CCF /* AppDelegate.swift */,
				9885A2AD2884DDEA009B5CCF /* SceneDelegate.swift */,
				9885A2AF2884DDEA009B5CCF /* ViewController.swift */,
				98B2DEE72886452C0093F3C1 /* UIViewController+Extension.swift */,
				98B2DEE92886478C0093F3C1 /* UITextField+Extension.swift */,
				98888D1228858E7800DA44C3 /* SettingViewController.swift */,
				9885A2C12884FE41009B5CCF /* SettingTableViewController.swift */,
				9885A2B42884DDEC009B5CCF /* Assets.xcassets */,
				9885A2B62884DDEC009B5CCF /* LaunchScreen.storyboard */,
				9885A2B92884DDEC009B5CCF /* Info.plist */,
			);
			path = TrendMedia;
			sourceTree = "<group>";
		};
		98F9273C28893A4A009B5A69 /* Trend */ = {
			isa = PBXGroup;
			children = (
				98B2DEED28864D960093F3C1 /* BucketListTableViewCell.swift */,
				98B2DEEB28864BA70093F3C1 /* BucketListTableViewController.swift */,
				98913B5D28879AAA00038365 /* RecommendCollectionViewController.swift */,
				98913B5F28879DFE00038365 /* RecommendCollectionViewCell.swift */,
				9807B7712888E74F0076A8A9 /* TrendTableViewController.swift */,
				98913B512886D04400038365 /* TrenViewController.swift */,
				98913B532886D0A300038365 /* Trend.storyboard */,
			);
			path = Trend;
			sourceTree = "<group>";
		};
		98F9273D28897CF4009B5A69 /* Search */ = {
			isa = PBXGroup;
			children = (
				98B2DEDD288640130093F3C1 /* Search.storyboard */,
				98D739A428882D6E006E59E0 /* MovieTableViewController.swift */,
				98D739A228882C92006E59E0 /* MovieTableViewCell.swift */,
				98D739A6288841E1006E59E0 /* Movie.swift */,
				98B2DEE52886442E0093F3C1 /* SearchViewController.swift */,
			);
			path = Search;
			sourceTree = "<group>";
		};
		98F92742288992C4009B5A69 /* BookStore */ = {
			isa = PBXGroup;
			children = (
				98F9273E2889926F009B5A69 /* BookStore.storyboard */,
				98F92740288992B5009B5A69 /* BookStoreCollectionViewController.swift */,
				98F9274328899456009B5A69 /* BookStoreCollectionViewCell.swift */,
				98F927452889A3F9009B5A69 /* BookInformationViewController.swift */,
				98F927472889ABD8009B5A69 /* BookDetailInformationViewController.swift */,
				98F927492889AF1F009B5A69 /* WebBookInfoLinkViewController.swift */,
			);
			path = BookStore;
			sourceTree = "<group>";
		};
/* End PBXGroup section */

/* Begin PBXNativeTarget section */
		9885A2A72884DDEA009B5CCF /* TrendMedia */ = {
			isa = PBXNativeTarget;
			buildConfigurationList = 9885A2BC2884DDEC009B5CCF /* Build configuration list for PBXNativeTarget "TrendMedia" */;
			buildPhases = (
				9885A2A42884DDEA009B5CCF /* Sources */,
				9885A2A52884DDEA009B5CCF /* Frameworks */,
				9885A2A62884DDEA009B5CCF /* Resources */,
			);
			buildRules = (
			);
			dependencies = (
			);
			name = TrendMedia;
			packageProductDependencies = (
				98913B622887AEBD00038365 /* Kingfisher */,
				98913B652887AEFB00038365 /* Toast */,
			);
			productName = TrendMedia;
			productReference = 9885A2A82884DDEA009B5CCF /* TrendMedia.app */;
			productType = "com.apple.product-type.application";
		};
/* End PBXNativeTarget section */

/* Begin PBXProject section */
		9885A2A02884DDEA009B5CCF /* Project object */ = {
			isa = PBXProject;
			attributes = {
				BuildIndependentTargetsInParallel = 1;
				LastSwiftUpdateCheck = 1330;
				LastUpgradeCheck = 1330;
				TargetAttributes = {
					9885A2A72884DDEA009B5CCF = {
						CreatedOnToolsVersion = 13.3.1;
					};
				};
			};
			buildConfigurationList = 9885A2A32884DDEA009B5CCF /* Build configuration list for PBXProject "TrendMedia" */;
			compatibilityVersion = "Xcode 13.0";
			developmentRegion = en;
			hasScannedForEncodings = 0;
			knownRegions = (
				en,
				Base,
			);
			mainGroup = 9885A29F2884DDEA009B5CCF;
			packageReferences = (
				98913B612887AEBD00038365 /* XCRemoteSwiftPackageReference "Kingfisher" */,
				98913B642887AEFB00038365 /* XCRemoteSwiftPackageReference "Toast-Swift" */,
			);
			productRefGroup = 9885A2A92884DDEA009B5CCF /* Products */;
			projectDirPath = "";
			projectRoot = "";
			targets = (
				9885A2A72884DDEA009B5CCF /* TrendMedia */,
			);
		};
/* End PBXProject section */

/* Begin PBXResourcesBuildPhase section */
		9885A2A62884DDEA009B5CCF /* Resources */ = {
			isa = PBXResourcesBuildPhase;
			buildActionMask = 2147483647;
			files = (
				9885A2B82884DDEC009B5CCF /* LaunchScreen.storyboard in Resources */,
				9885A2B52884DDEC009B5CCF /* Assets.xcassets in Resources */,
				98B2DEE2288640770093F3C1 /* Intro.storyboard in Resources */,
				98888D0F2885846F00DA44C3 /* Setting.storyboard in Resources */,
				98913B542886D0A300038365 /* Trend.storyboard in Resources */,
				9885A2B32884DDEA009B5CCF /* Main.storyboard in Resources */,
				98913B562886F7F000038365 /* Shopping.storyboard in Resources */,
				98B2DEDE288640130093F3C1 /* Search.storyboard in Resources */,
				9885A2C02884F113009B5CCF /* Home.storyboard in Resources */,
				98F9273F2889926F009B5A69 /* BookStore.storyboard in Resources */,
			);
			runOnlyForDeploymentPostprocessing = 0;
		};
/* End PBXResourcesBuildPhase section */

/* Begin PBXSourcesBuildPhase section */
		9885A2A42884DDEA009B5CCF /* Sources */ = {
			isa = PBXSourcesBuildPhase;
			buildActionMask = 2147483647;
			files = (
				98B2DEEA2886478C0093F3C1 /* UITextField+Extension.swift in Sources */,
				98913B5E28879AAA00038365 /* RecommendCollectionViewController.swift in Sources */,
				9807B7722888E74F0076A8A9 /* TrendTableViewController.swift in Sources */,
				98F9274428899456009B5A69 /* BookStoreCollectionViewCell.swift in Sources */,
				98D739A328882C92006E59E0 /* MovieTableViewCell.swift in Sources */,
				98913B5A288702E400038365 /* ShoppingTableViewCell.swift in Sources */,
				98913B582886F87A00038365 /* ShoppingTableViewController.swift in Sources */,
				98D739A128881304006E59E0 /* SecondShoppingTableViewCell.swift in Sources */,
				98913B522886D04400038365 /* TrenViewController.swift in Sources */,
				98B2DEEE28864D960093F3C1 /* BucketListTableViewCell.swift in Sources */,
				98F9274A2889AF1F009B5A69 /* WebBookInfoLinkViewController.swift in Sources */,
				98B2DEEC28864BA70093F3C1 /* BucketListTableViewController.swift in Sources */,
				98B2DEE82886452C0093F3C1 /* UIViewController+Extension.swift in Sources */,
				98D739A528882D6E006E59E0 /* MovieTableViewController.swift in Sources */,
				98888D1328858E7800DA44C3 /* SettingViewController.swift in Sources */,
				98F927462889A3F9009B5A69 /* BookInformationViewController.swift in Sources */,
				98B2DEE62886442E0093F3C1 /* SearchViewController.swift in Sources */,
				9885A2C22884FE41009B5CCF /* SettingTableViewController.swift in Sources */,
				98D739A7288841E1006E59E0 /* Movie.swift in Sources */,
				98913B6028879DFE00038365 /* RecommendCollectionViewCell.swift in Sources */,
				98F92741288992B5009B5A69 /* BookStoreCollectionViewController.swift in Sources */,
				9885A2B02884DDEA009B5CCF /* ViewController.swift in Sources */,
				98D7399F28880F02006E59E0 /* SecondShoppingTableViewController.swift in Sources */,
				9885A2AC2884DDEA009B5CCF /* AppDelegate.swift in Sources */,
				9885A2AE2884DDEA009B5CCF /* SceneDelegate.swift in Sources */,
				98F927482889ABD8009B5A69 /* BookDetailInformationViewController.swift in Sources */,
			);
			runOnlyForDeploymentPostprocessing = 0;
		};
/* End PBXSourcesBuildPhase section */

/* Begin PBXVariantGroup section */
		9885A2B12884DDEA009B5CCF /* Main.storyboard */ = {
			isa = PBXVariantGroup;
			children = (
				9885A2B22884DDEA009B5CCF /* Base */,
			);
			name = Main.storyboard;
			sourceTree = "<group>";
		};
		9885A2B62884DDEC009B5CCF /* LaunchScreen.storyboard */ = {
			isa = PBXVariantGroup;
			children = (
				9885A2B72884DDEC009B5CCF /* Base */,
			);
			name = LaunchScreen.storyboard;
			sourceTree = "<group>";
		};
/* End PBXVariantGroup section */

/* Begin XCBuildConfiguration section */
		9885A2BA2884DDEC009B5CCF /* Debug */ = {
			isa = XCBuildConfiguration;
			buildSettings = {
				ALWAYS_SEARCH_USER_PATHS = NO;
				CLANG_ANALYZER_NONNULL = YES;
				CLANG_ANALYZER_NUMBER_OBJECT_CONVERSION = YES_AGGRESSIVE;
				CLANG_CXX_LANGUAGE_STANDARD = "gnu++17";
				CLANG_ENABLE_MODULES = YES;
				CLANG_ENABLE_OBJC_ARC = YES;
				CLANG_ENABLE_OBJC_WEAK = YES;
				CLANG_WARN_BLOCK_CAPTURE_AUTORELEASING = YES;
				CLANG_WARN_BOOL_CONVERSION = YES;
				CLANG_WARN_COMMA = YES;
				CLANG_WARN_CONSTANT_CONVERSION = YES;
				CLANG_WARN_DEPRECATED_OBJC_IMPLEMENTATIONS = YES;
				CLANG_WARN_DIRECT_OBJC_ISA_USAGE = YES_ERROR;
				CLANG_WARN_DOCUMENTATION_COMMENTS = YES;
				CLANG_WARN_EMPTY_BODY = YES;
				CLANG_WARN_ENUM_CONVERSION = YES;
				CLANG_WARN_INFINITE_RECURSION = YES;
				CLANG_WARN_INT_CONVERSION = YES;
				CLANG_WARN_NON_LITERAL_NULL_CONVERSION = YES;
				CLANG_WARN_OBJC_IMPLICIT_RETAIN_SELF = YES;
				CLANG_WARN_OBJC_LITERAL_CONVERSION = YES;
				CLANG_WARN_OBJC_ROOT_CLASS = YES_ERROR;
				CLANG_WARN_QUOTED_INCLUDE_IN_FRAMEWORK_HEADER = YES;
				CLANG_WARN_RANGE_LOOP_ANALYSIS = YES;
				CLANG_WARN_STRICT_PROTOTYPES = YES;
				CLANG_WARN_SUSPICIOUS_MOVE = YES;
				CLANG_WARN_UNGUARDED_AVAILABILITY = YES_AGGRESSIVE;
				CLANG_WARN_UNREACHABLE_CODE = YES;
				CLANG_WARN__DUPLICATE_METHOD_MATCH = YES;
				COPY_PHASE_STRIP = NO;
				DEBUG_INFORMATION_FORMAT = dwarf;
				ENABLE_STRICT_OBJC_MSGSEND = YES;
				ENABLE_TESTABILITY = YES;
				GCC_C_LANGUAGE_STANDARD = gnu11;
				GCC_DYNAMIC_NO_PIC = NO;
				GCC_NO_COMMON_BLOCKS = YES;
				GCC_OPTIMIZATION_LEVEL = 0;
				GCC_PREPROCESSOR_DEFINITIONS = (
					"DEBUG=1",
					"$(inherited)",
				);
				GCC_WARN_64_TO_32_BIT_CONVERSION = YES;
				GCC_WARN_ABOUT_RETURN_TYPE = YES_ERROR;
				GCC_WARN_UNDECLARED_SELECTOR = YES;
				GCC_WARN_UNINITIALIZED_AUTOS = YES_AGGRESSIVE;
				GCC_WARN_UNUSED_FUNCTION = YES;
				GCC_WARN_UNUSED_VARIABLE = YES;
				IPHONEOS_DEPLOYMENT_TARGET = 15.4;
				MTL_ENABLE_DEBUG_INFO = INCLUDE_SOURCE;
				MTL_FAST_MATH = YES;
				ONLY_ACTIVE_ARCH = YES;
				SDKROOT = iphoneos;
				SWIFT_ACTIVE_COMPILATION_CONDITIONS = DEBUG;
				SWIFT_OPTIMIZATION_LEVEL = "-Onone";
			};
			name = Debug;
		};
		9885A2BB2884DDEC009B5CCF /* Release */ = {
			isa = XCBuildConfiguration;
			buildSettings = {
				ALWAYS_SEARCH_USER_PATHS = NO;
				CLANG_ANALYZER_NONNULL = YES;
				CLANG_ANALYZER_NUMBER_OBJECT_CONVERSION = YES_AGGRESSIVE;
				CLANG_CXX_LANGUAGE_STANDARD = "gnu++17";
				CLANG_ENABLE_MODULES = YES;
				CLANG_ENABLE_OBJC_ARC = YES;
				CLANG_ENABLE_OBJC_WEAK = YES;
				CLANG_WARN_BLOCK_CAPTURE_AUTORELEASING = YES;
				CLANG_WARN_BOOL_CONVERSION = YES;
				CLANG_WARN_COMMA = YES;
				CLANG_WARN_CONSTANT_CONVERSION = YES;
				CLANG_WARN_DEPRECATED_OBJC_IMPLEMENTATIONS = YES;
				CLANG_WARN_DIRECT_OBJC_ISA_USAGE = YES_ERROR;
				CLANG_WARN_DOCUMENTATION_COMMENTS = YES;
				CLANG_WARN_EMPTY_BODY = YES;
				CLANG_WARN_ENUM_CONVERSION = YES;
				CLANG_WARN_INFINITE_RECURSION = YES;
				CLANG_WARN_INT_CONVERSION = YES;
				CLANG_WARN_NON_LITERAL_NULL_CONVERSION = YES;
				CLANG_WARN_OBJC_IMPLICIT_RETAIN_SELF = YES;
				CLANG_WARN_OBJC_LITERAL_CONVERSION = YES;
				CLANG_WARN_OBJC_ROOT_CLASS = YES_ERROR;
				CLANG_WARN_QUOTED_INCLUDE_IN_FRAMEWORK_HEADER = YES;
				CLANG_WARN_RANGE_LOOP_ANALYSIS = YES;
				CLANG_WARN_STRICT_PROTOTYPES = YES;
				CLANG_WARN_SUSPICIOUS_MOVE = YES;
				CLANG_WARN_UNGUARDED_AVAILABILITY = YES_AGGRESSIVE;
				CLANG_WARN_UNREACHABLE_CODE = YES;
				CLANG_WARN__DUPLICATE_METHOD_MATCH = YES;
				COPY_PHASE_STRIP = NO;
				DEBUG_INFORMATION_FORMAT = "dwarf-with-dsym";
				ENABLE_NS_ASSERTIONS = NO;
				ENABLE_STRICT_OBJC_MSGSEND = YES;
				GCC_C_LANGUAGE_STANDARD = gnu11;
				GCC_NO_COMMON_BLOCKS = YES;
				GCC_WARN_64_TO_32_BIT_CONVERSION = YES;
				GCC_WARN_ABOUT_RETURN_TYPE = YES_ERROR;
				GCC_WARN_UNDECLARED_SELECTOR = YES;
				GCC_WARN_UNINITIALIZED_AUTOS = YES_AGGRESSIVE;
				GCC_WARN_UNUSED_FUNCTION = YES;
				GCC_WARN_UNUSED_VARIABLE = YES;
				IPHONEOS_DEPLOYMENT_TARGET = 15.4;
				MTL_ENABLE_DEBUG_INFO = NO;
				MTL_FAST_MATH = YES;
				SDKROOT = iphoneos;
				SWIFT_COMPILATION_MODE = wholemodule;
				SWIFT_OPTIMIZATION_LEVEL = "-O";
				VALIDATE_PRODUCT = YES;
			};
			name = Release;
		};
		9885A2BD2884DDEC009B5CCF /* Debug */ = {
			isa = XCBuildConfiguration;
			buildSettings = {
				ASSETCATALOG_COMPILER_APPICON_NAME = AppIcon;
				ASSETCATALOG_COMPILER_GLOBAL_ACCENT_COLOR_NAME = AccentColor;
				CODE_SIGN_STYLE = Automatic;
				CURRENT_PROJECT_VERSION = 1;
				GENERATE_INFOPLIST_FILE = YES;
				INFOPLIST_FILE = TrendMedia/Info.plist;
				INFOPLIST_KEY_UIApplicationSupportsIndirectInputEvents = YES;
				INFOPLIST_KEY_UILaunchStoryboardName = LaunchScreen;
				INFOPLIST_KEY_UIMainStoryboardFile = Main;
				INFOPLIST_KEY_UISupportedInterfaceOrientations_iPad = "UIInterfaceOrientationPortrait UIInterfaceOrientationPortraitUpsideDown UIInterfaceOrientationLandscapeLeft UIInterfaceOrientationLandscapeRight";
				INFOPLIST_KEY_UISupportedInterfaceOrientations_iPhone = "UIInterfaceOrientationPortrait UIInterfaceOrientationLandscapeLeft UIInterfaceOrientationLandscapeRight";
				LD_RUNPATH_SEARCH_PATHS = (
					"$(inherited)",
					"@executable_path/Frameworks",
				);
				MARKETING_VERSION = 1.0;
				PRODUCT_BUNDLE_IDENTIFIER = com.taehwan.TrendMedia;
				PRODUCT_NAME = "$(TARGET_NAME)";
				SWIFT_EMIT_LOC_STRINGS = YES;
				SWIFT_VERSION = 5.0;
				TARGETED_DEVICE_FAMILY = "1,2";
			};
			name = Debug;
		};
		9885A2BE2884DDEC009B5CCF /* Release */ = {
			isa = XCBuildConfiguration;
			buildSettings = {
				ASSETCATALOG_COMPILER_APPICON_NAME = AppIcon;
				ASSETCATALOG_COMPILER_GLOBAL_ACCENT_COLOR_NAME = AccentColor;
				CODE_SIGN_STYLE = Automatic;
				CURRENT_PROJECT_VERSION = 1;
				GENERATE_INFOPLIST_FILE = YES;
				INFOPLIST_FILE = TrendMedia/Info.plist;
				INFOPLIST_KEY_UIApplicationSupportsIndirectInputEvents = YES;
				INFOPLIST_KEY_UILaunchStoryboardName = LaunchScreen;
				INFOPLIST_KEY_UIMainStoryboardFile = Main;
				INFOPLIST_KEY_UISupportedInterfaceOrientations_iPad = "UIInterfaceOrientationPortrait UIInterfaceOrientationPortraitUpsideDown UIInterfaceOrientationLandscapeLeft UIInterfaceOrientationLandscapeRight";
				INFOPLIST_KEY_UISupportedInterfaceOrientations_iPhone = "UIInterfaceOrientationPortrait UIInterfaceOrientationLandscapeLeft UIInterfaceOrientationLandscapeRight";
				LD_RUNPATH_SEARCH_PATHS = (
					"$(inherited)",
					"@executable_path/Frameworks",
				);
				MARKETING_VERSION = 1.0;
				PRODUCT_BUNDLE_IDENTIFIER = com.taehwan.TrendMedia;
				PRODUCT_NAME = "$(TARGET_NAME)";
				SWIFT_EMIT_LOC_STRINGS = YES;
				SWIFT_VERSION = 5.0;
				TARGETED_DEVICE_FAMILY = "1,2";
			};
			name = Release;
		};
/* End XCBuildConfiguration section */

/* Begin XCConfigurationList section */
		9885A2A32884DDEA009B5CCF /* Build configuration list for PBXProject "TrendMedia" */ = {
			isa = XCConfigurationList;
			buildConfigurations = (
				9885A2BA2884DDEC009B5CCF /* Debug */,
				9885A2BB2884DDEC009B5CCF /* Release */,
			);
			defaultConfigurationIsVisible = 0;
			defaultConfigurationName = Release;
		};
		9885A2BC2884DDEC009B5CCF /* Build configuration list for PBXNativeTarget "TrendMedia" */ = {
			isa = XCConfigurationList;
			buildConfigurations = (
				9885A2BD2884DDEC009B5CCF /* Debug */,
				9885A2BE2884DDEC009B5CCF /* Release */,
			);
			defaultConfigurationIsVisible = 0;
			defaultConfigurationName = Release;
		};
/* End XCConfigurationList section */

/* Begin XCRemoteSwiftPackageReference section */
		98913B612887AEBD00038365 /* XCRemoteSwiftPackageReference "Kingfisher" */ = {
			isa = XCRemoteSwiftPackageReference;
			repositoryURL = "https://github.com/onevcat/Kingfisher.git";
			requirement = {
				kind = upToNextMajorVersion;
				minimumVersion = 7.0.0;
			};
		};
		98913B642887AEFB00038365 /* XCRemoteSwiftPackageReference "Toast-Swift" */ = {
			isa = XCRemoteSwiftPackageReference;
			repositoryURL = "https://github.com/scalessec/Toast-Swift.git";
			requirement = {
				kind = upToNextMajorVersion;
				minimumVersion = 5.0.0;
			};
		};
/* End XCRemoteSwiftPackageReference section */

/* Begin XCSwiftPackageProductDependency section */
		98913B622887AEBD00038365 /* Kingfisher */ = {
			isa = XCSwiftPackageProductDependency;
			package = 98913B612887AEBD00038365 /* XCRemoteSwiftPackageReference "Kingfisher" */;
			productName = Kingfisher;
		};
		98913B652887AEFB00038365 /* Toast */ = {
			isa = XCSwiftPackageProductDependency;
			package = 98913B642887AEFB00038365 /* XCRemoteSwiftPackageReference "Toast-Swift" */;
			productName = Toast;
		};
/* End XCSwiftPackageProductDependency section */
	};
	rootObject = 9885A2A02884DDEA009B5CCF /* Project object */;
}
